%{
  "accept": {:hex, :accept, "0.3.3", "548ebb6fb2e8b0d170e75bb6123aea6ceecb0189bb1231eeadf52eac08384a97", [:rebar3], [], "hexpm"},
  "certifi": {:hex, :certifi, "2.3.1", "d0f424232390bf47d82da8478022301c561cf6445b5b5fb6a84d49a9e76d2639", [:rebar3], [{:parse_trans, "3.2.0", [hex: :parse_trans, repo: "hexpm", optional: false]}], "hexpm"},
  "cowboy": {:hex, :cowboy, "2.2.0", "5233ed78afe96b19efd33b7bbcafd15e064b187c0c131c61d50fe69d88dc76fd", [:rebar3], [{:cowlib, "~> 2.1.0", [hex: :cowlib, repo: "hexpm", optional: false]}, {:ranch, "~> 1.4.0", [hex: :ranch, repo: "hexpm", optional: false]}], "hexpm"},
  "cowlib": {:hex, :cowlib, "2.1.0", "f73658b93dd043af40400c3e4fd997068ebd0c617f8c8f4cd003a1a78ebf94f5", [:rebar3], [], "hexpm"},
  "ebus": {:hex, :erlbus, "0.2.1", "7d976888a8f8f3583200d31494d4629d9796d5790ecf14a5da6fbb9253106607", [:make, :rebar3], [], "hexpm"},
  "ex_hash_ring": {:hex, :ex_hash_ring, "1.0.0", "9eb081ecac43435937b0a00db08477071f4183a137db28700b06fe424d0e4c8f", [:mix], [], "hexpm"},
  "fastglobal": {:hex, :fastglobal, "1.0.0", "f3133a0cda8e9408aac7281ec579c4b4a8386ce0e99ca55f746b9f58192f455b", [:mix], [], "hexpm"},
  "gnat": {:hex, :gnat, "0.4.1", "5a8f06f462690567c12b43e5f3a66dd7243cc2af1679114167d0f3156d0d45a5", [:mix], [{:poison, "~> 3.0", [hex: :poison, repo: "hexpm", optional: false]}], "hexpm"},
  "gproc": {:hex, :gproc, "0.6.1", "4579663e5677970758a05d8f65d13c3e9814ec707ad51d8dcef7294eda1a730c", [:rebar3], [], "hexpm"},
  "hackney": {:hex, :hackney, "1.12.1", "8bf2d0e11e722e533903fe126e14d6e7e94d9b7983ced595b75f532e04b7fdc7", [:rebar3], [{:certifi, "2.3.1", [hex: :certifi, repo: "hexpm", optional: false]}, {:idna, "5.1.1", [hex: :idna, repo: "hexpm", optional: false]}, {:metrics, "1.0.1", [hex: :metrics, repo: "hexpm", optional: false]}, {:mimerl, "1.0.2", [hex: :mimerl, repo: "hexpm", optional: false]}, {:ssl_verify_fun, "1.1.1", [hex: :ssl_verify_fun, repo: "hexpm", optional: false]}], "hexpm"},
  "httpoison": {:hex, :httpoison, "1.1.1", "96ed7ab79f78a31081bb523eefec205fd2900a02cda6dbc2300e7a1226219566", [:mix], [{:hackney, "~> 1.8", [hex: :hackney, repo: "hexpm", optional: false]}], "hexpm"},
  "idna": {:hex, :idna, "5.1.1", "cbc3b2fa1645113267cc59c760bafa64b2ea0334635ef06dbac8801e42f7279c", [:rebar3], [{:unicode_util_compat, "0.3.1", [hex: :unicode_util_compat, repo: "hexpm", optional: false]}], "hexpm"},
  "metrics": {:hex, :metrics, "1.0.1", "25f094dea2cda98213cecc3aeff09e940299d950904393b2a29d191c346a8486", [:rebar3], [], "hexpm"},
  "mime": {:hex, :mime, "1.3.0", "5e8d45a39e95c650900d03f897fbf99ae04f60ab1daa4a34c7a20a5151b7a5fe", [:mix], [], "hexpm"},
  "mimerl": {:hex, :mimerl, "1.0.2", "993f9b0e084083405ed8252b99460c4f0563e41729ab42d9074fd5e52439be88", [:rebar3], [], "hexpm"},
  "msgpax": {:hex, :msgpax, "2.1.1", "833bc9ce6d3e073cf966fec94d3f976ca7100685b4f0efb6e30ef512f2e8a4d7", [:mix], [{:plug, "~> 1.0", [hex: :plug, repo: "hexpm", optional: true]}], "hexpm"},
  "parse_trans": {:hex, :parse_trans, "3.2.0", "2adfa4daf80c14dc36f522cf190eb5c4ee3e28008fc6394397c16f62a26258c2", [:rebar3], [], "hexpm"},
  "plug": {:hex, :plug, "1.5.0", "224b25b4039bedc1eac149fb52ed456770b9678bbf0349cdd810460e1e09195b", [:mix], [{:cowboy, "~> 1.0.1 or ~> 1.1 or ~> 2.1", [hex: :cowboy, repo: "hexpm", optional: true]}, {:mime, "~> 1.0", [hex: :mime, repo: "hexpm", optional: false]}], "hexpm"},
  "poison": {:hex, :poison, "3.1.0", "d9eb636610e096f86f25d9a46f35a9facac35609a7591b3be3326e99a0484665", [:mix], [], "hexpm"},
  "poolboy": {:hex, :poolboy, "1.5.1", "6b46163901cfd0a1b43d692657ed9d7e599853b3b21b95ae5ae0a777cf9b6ca8", [:rebar], [], "hexpm"},
  "prometheus": {:hex, :prometheus, "4.2.0", "06c58bfdfe28d3168b926da614cb9a6d39593deebde648a5480e32dfa3c370e9", [:mix, :rebar3], [], "hexpm"},
  "prometheus_ex": {:hex, :prometheus_ex, "3.0.0", "f259bc60de0bb24df9b054a35e6172a189e399227c391545452a1d07df937679", [:mix], [{:prometheus, "~> 4.0", [hex: :prometheus, repo: "hexpm", optional: false]}], "hexpm"},
  "prometheus_plugs": {:hex, :prometheus_plugs, "1.1.5", "25933d48f8af3a5941dd7b621c889749894d8a1082a6ff7c67cc99dec26377c5", [:mix], [{:accept, "~> 0.1", [hex: :accept, repo: "hexpm", optional: false]}, {:plug, "~> 1.0", [hex: :plug, repo: "hexpm", optional: false]}, {:prometheus_ex, "~> 1.1 or ~> 2.0 or ~> 3.0", [hex: :prometheus_ex, repo: "hexpm", optional: false]}, {:prometheus_process_collector, "~> 1.1", [hex: :prometheus_process_collector, repo: "hexpm", optional: true]}], "hexpm"},
  "ranch": {:hex, :ranch, "1.4.0", "10272f95da79340fa7e8774ba7930b901713d272905d0012b06ca6d994f8826b", [:rebar3], [], "hexpm"},
  "riverside": {:hex, :riverside, "1.0.0", "bdc3f1c4b4c02db858b477cfc20e498d7d4d4caa833283ce5f642d1026892def", [:mix], [{:cowboy, "~> 2.2.0", [hex: :cowboy, repo: "hexpm", optional: false]}, {:ebus, "~> 0.2.1", [hex: :erlbus, repo: "hexpm", optional: false]}, {:msgpax, "~> 2.0", [hex: :msgpax, repo: "hexpm", optional: false]}, {:plug, "~> 1.5", [hex: :plug, repo: "hexpm", optional: false]}, {:poison, "~> 3.1", [hex: :poison, repo: "hexpm", optional: false]}, {:prometheus_plugs, "~> 1.1.1", [hex: :prometheus_plugs, repo: "hexpm", optional: false]}, {:secure_random, "~> 0.5.1", [hex: :secure_random, repo: "hexpm", optional: false]}, {:socket, "~> 0.3.12", [hex: :socket, repo: "hexpm", optional: false]}, {:the_end, "~> 1.1.0", [hex: :the_end, repo: "hexpm", optional: false]}, {:uuid, "~> 1.1", [hex: :uuid, repo: "hexpm", optional: false]}], "hexpm"},
  "secure_random": {:hex, :secure_random, "0.5.1", "c5532b37c89d175c328f5196a0c2a5680b15ebce3e654da37129a9fe40ebf51b", [:mix], [], "hexpm"},
  "socket": {:hex, :socket, "0.3.13", "98a2ab20ce17f95fb512c5cadddba32b57273e0d2dba2d2e5f976c5969d0c632", [:mix], [], "hexpm"},
  "ssl_verify_fun": {:hex, :ssl_verify_fun, "1.1.1", "28a4d65b7f59893bc2c7de786dec1e1555bd742d336043fe644ae956c3497fbe", [:make, :rebar], [], "hexpm"},
  "the_end": {:hex, :the_end, "1.1.0", "cd11af29051d8823b2e4d0109aa0bf0f08a00ce60ca36080ad2014e11e7f9d52", [:mix], [], "hexpm"},
  "unicode_util_compat": {:hex, :unicode_util_compat, "0.3.1", "a1f612a7b512638634a603c8f401892afbf99b8ce93a45041f8aaca99cadb85e", [:rebar3], [], "hexpm"},
  "uuid": {:hex, :uuid, "1.1.8", "e22fc04499de0de3ed1116b770c7737779f226ceefa0badb3592e64d5cfb4eb9", [:mix], [], "hexpm"},
}
